
Microsoft Visual Studio Solution File, Format Version 11.00
# Visual Studio 2010
Project("{8BC9CEB8-8B4A-11D0-8D11-00A0C91BC942}") = "windowlessRE", "windowlessRE.vcxproj", "{8075DFB0-D714-7C67-5F19-7E54077514DF}"
EndProject
Global
	GlobalSection(SolutionConfigurationPlatforms) = preSolution
		Debug|Win32 = Debug|Win32
		Release|Win32 = Release|Win32
	EndGlobalSection
	GlobalSection(ProjectConfigurationPlatforms) = postSolution
		{8075DFB0-D714-7C67-5F19-7E54077514DF}.Debug|Win32.ActiveCfg = Debug|Win32
		{8075DFB0-D714-7C67-5F19-7E54077514DF}.Debug|Win32.Build.0 = Debug|Win32
		{8075DFB0-D714-7C67-5F19-7E54077514DF}.Release|Win32.ActiveCfg = Release|Win32
		{8075DFB0-D714-7C67-5F19-7E54077514DF}.Release|Win32.Build.0 = Release|Win32
	EndGlobalSection
	GlobalSection(SolutionProperties) = preSolution
		HideSolutionNode = FALSE
	EndGlobalSection
EndGlobal
